
Microsoft Visual Studio Solution File, Format Version 12.00
# Visual Studio 15
VisualStudioVersion = 15.0.28307.329
MinimumVisualStudioVersion = 10.0.40219.1
Project("{FAE04EC0-301F-11D3-BF4B-00C04F79EFBC}") = "Hotel", "Hotel\Hotel.csproj", "{237FD984-6801-43DF-86B6-3CA7EE70CA02}"
EndProject
Project("{2150E333-8FDC-42A3-9474-1A3956D46DE8}") = "Models", "Models", "{DC803427-D41D-4AED-ADBD-756C82649748}"
EndProject
Global
	GlobalSection(SolutionConfigurationPlatforms) = preSolution
		Debug|Any CPU = Debug|Any CPU
		Release|Any CPU = Release|Any CPU
	EndGlobalSection
	GlobalSection(ProjectConfigurationPlatforms) = postSolution
		{237FD984-6801-43DF-86B6-3CA7EE70CA02}.Debug|Any CPU.ActiveCfg = Debug|Any CPU
		{237FD984-6801-43DF-86B6-3CA7EE70CA02}.Debug|Any CPU.Build.0 = Debug|Any CPU
		{237FD984-6801-43DF-86B6-3CA7EE70CA02}.Release|Any CPU.ActiveCfg = Release|Any CPU
		{237FD984-6801-43DF-86B6-3CA7EE70CA02}.Release|Any CPU.Build.0 = Release|Any CPU
	EndGlobalSection
	GlobalSection(SolutionProperties) = preSolution
		HideSolutionNode = FALSE
	EndGlobalSection
	GlobalSection(ExtensibilityGlobals) = postSolution
		SolutionGuid = {4A6CFFA9-E827-4236-AACC-709F76909CCF}
	EndGlobalSection
EndGlobal
